
Microsoft Visual Studio Solution File, Format Version 12.00
# Visual Studio Version 16
VisualStudioVersion = 16.0.810.21
MinimumVisualStudioVersion = 10.0.40219.1
Project("{FAE04EC0-301F-11D3-BF4B-00C04F79EFBC}") = "homework8_MainPrintFile", "homework8_MainPrintFile\homework8_MainPrintFile.csproj", "{0FDA414F-AB66-4AC0-AF55-8DE99A23B04A}"
EndProject
Global
	GlobalSection(SolutionConfigurationPlatforms) = preSolution
		Debug|Any CPU = Debug|Any CPU
		Release|Any CPU = Release|Any CPU
	EndGlobalSection
	GlobalSection(ProjectConfigurationPlatforms) = postSolution
		{0FDA414F-AB66-4AC0-AF55-8DE99A23B04A}.Debug|Any CPU.ActiveCfg = Debug|Any CPU
		{0FDA414F-AB66-4AC0-AF55-8DE99A23B04A}.Debug|Any CPU.Build.0 = Debug|Any CPU
		{0FDA414F-AB66-4AC0-AF55-8DE99A23B04A}.Release|Any CPU.ActiveCfg = Release|Any CPU
		{0FDA414F-AB66-4AC0-AF55-8DE99A23B04A}.Release|Any CPU.Build.0 = Release|Any CPU
	EndGlobalSection
	GlobalSection(SolutionProperties) = preSolution
		HideSolutionNode = FALSE
	EndGlobalSection
	GlobalSection(ExtensibilityGlobals) = postSolution
		SolutionGuid = {FF26AE10-FCB2-49D4-8A0A-6AE49B8FB144}
	EndGlobalSection
EndGlobal
