
Microsoft Visual Studio Solution File, Format Version 12.00
# Visual Studio Version 16
VisualStudioVersion = 16.0.810.21
MinimumVisualStudioVersion = 10.0.40219.1
Project("{FAE04EC0-301F-11D3-BF4B-00C04F79EFBC}") = "Collection_Homework_CityCountry", "Collection_Homework_CityCountrt\Collection_Homework_CityCountry.csproj", "{53E1C684-9845-4B0C-B940-7A439642DA37}"
EndProject
Global
	GlobalSection(SolutionConfigurationPlatforms) = preSolution
		Debug|Any CPU = Debug|Any CPU
		Release|Any CPU = Release|Any CPU
	EndGlobalSection
	GlobalSection(ProjectConfigurationPlatforms) = postSolution
		{53E1C684-9845-4B0C-B940-7A439642DA37}.Debug|Any CPU.ActiveCfg = Debug|Any CPU
		{53E1C684-9845-4B0C-B940-7A439642DA37}.Debug|Any CPU.Build.0 = Debug|Any CPU
		{53E1C684-9845-4B0C-B940-7A439642DA37}.Release|Any CPU.ActiveCfg = Release|Any CPU
		{53E1C684-9845-4B0C-B940-7A439642DA37}.Release|Any CPU.Build.0 = Release|Any CPU
	EndGlobalSection
	GlobalSection(SolutionProperties) = preSolution
		HideSolutionNode = FALSE
	EndGlobalSection
	GlobalSection(ExtensibilityGlobals) = postSolution
		SolutionGuid = {2664A5CA-4BEC-4CA7-A5D5-5C386201BBA4}
	EndGlobalSection
EndGlobal
